{
  "name": "community-front-web-ui",
  "version": "1.0.0",
  "lockfileVersion": 1,
  "requires": true,
  "dependencies": {
    "@material/animation": {
      "version": "0.41.0",
      "resolved": "http://registry.npm.taobao.org/@material/animation/download/@material/animation-0.41.0.tgz",
      "integrity": "sha1-MVtFsy4a7r7opM9VW4rVIHbQnd0="
    },
    "@material/base": {
      "version": "0.41.0",
      "resolved": "http://registry.npm.taobao.org/@material/base/download/@material/base-0.41.0.tgz",
      "integrity": "sha1-utrc5xG0wlseuIml51geMs0HxCE="
    },
    "@material/ripple": {
      "version": "0.41.0",
      "resolved": "http://registry.npm.taobao.org/@material/ripple/download/@material/ripple-0.41.0.tgz",
      "integrity": "sha1-c9u5vw4dcjgpJrOfJSfAEeaJ3eI=",
      "requires": {
        "@material/animation": "^0.41.0",
        "@material/base": "^0.41.0",
        "@material/theme": "^0.41.0"
      }
    },
    "@material/theme": {
      "version": "0.41.0",
      "resolved": "http://registry.npm.taobao.org/@material/theme/download/@material/theme-0.41.0.tgz",
      "integrity": "sha1-T4JSqHKxeEXMZhuGfLv1TlGiZ1k="
    }
  }
}
